github.com/rtk-tickets/common v0.0.0-20240903192508-4750a8a36c4c h1:zrFnbjV/A/koSN+E6LNz7wFiNmQPrgHRVd0TkRK5T94=
github.com/rtk-tickets/common v0.0.0-20240903192508-4750a8a36c4c/go.mod h1:UaLKteKcH9z7BSH/zfGqJOafq6iG9FqcuFcBE48tJlY=
golang.org/x/exp v0.0.0-20240707233637-46b078467d37 h1:uLDX+AfeFCct3a2C7uIWBKMJIR3CJMhcgfrUAqjRK6w=
golang.org/x/exp v0.0.0-20240707233637-46b078467d37/go.mod h1:M4RDyNAINzryxdtnbRXRL/OHtkFuWGRjvuhBJpk2IlY=
